
Microsoft Visual Studio Solution File, Format Version 12.00
# Visual Studio Version 17
VisualStudioVersion = 17.13.35828.75 d17.13
MinimumVisualStudioVersion = 10.0.40219.1
Project("{FAE04EC0-301F-11D3-BF4B-00C04F79EFBC}") = "api", "api.csproj", "{7BC8D0A0-77C6-4A34-9F71-F88F5BB00E65}"
EndProject
Global
	GlobalSection(SolutionConfigurationPlatforms) = preSolution
		Debug|Any CPU = Debug|Any CPU
		Release|Any CPU = Release|Any CPU
	EndGlobalSection
	GlobalSection(ProjectConfigurationPlatforms) = postSolution
		{7BC8D0A0-77C6-4A34-9F71-F88F5BB00E65}.Debug|Any CPU.ActiveCfg = Debug|Any CPU
		{7BC8D0A0-77C6-4A34-9F71-F88F5BB00E65}.Debug|Any CPU.Build.0 = Debug|Any CPU
		{7BC8D0A0-77C6-4A34-9F71-F88F5BB00E65}.Release|Any CPU.ActiveCfg = Release|Any CPU
		{7BC8D0A0-77C6-4A34-9F71-F88F5BB00E65}.Release|Any CPU.Build.0 = Release|Any CPU
	EndGlobalSection
	GlobalSection(SolutionProperties) = preSolution
		HideSolutionNode = FALSE
	EndGlobalSection
	GlobalSection(ExtensibilityGlobals) = postSolution
		SolutionGuid = {3C0F7849-60AF-45CD-8ABD-9189F74A4226}
	EndGlobalSection
EndGlobal
